// !$*UTF8*$!
{
	archiveVersion = 1;
	classes = {
	};
	objectVersion = 50;
	objects = {

/* Begin PBXBuildFile section */
		14F7485E24CCA0C200D15838 /* AppDelegate.swift in Sources */ = {isa = PBXBuildFile; fileRef = 14F7485D24CCA0C200D15838 /* AppDelegate.swift */; };
		14F7486024CCA0C200D15838 /* SceneDelegate.swift in Sources */ = {isa = PBXBuildFile; fileRef = 14F7485F24CCA0C200D15838 /* SceneDelegate.swift */; };
		14F7486224CCA0C200D15838 /* ViewController.swift in Sources */ = {isa = PBXBuildFile; fileRef = 14F7486124CCA0C200D15838 /* ViewController.swift */; };
		14F7486524CCA0C200D15838 /* Main.storyboard in Resources */ = {isa = PBXBuildFile; fileRef = 14F7486324CCA0C200D15838 /* Main.storyboard */; };
		14F7486724CCA0C700D15838 /* Assets.xcassets in Resources */ = {isa = PBXBuildFile; fileRef = 14F7486624CCA0C700D15838 /* Assets.xcassets */; };
		14F7486A24CCA0C700D15838 /* LaunchScreen.storyboard in Resources */ = {isa = PBXBuildFile; fileRef = 14F7486824CCA0C700D15838 /* LaunchScreen.storyboard */; };
		14F7487524CCA0C700D15838 /* tipMeTests.swift in Sources */ = {isa = PBXBuildFile; fileRef = 14F7487424CCA0C700D15838 /* tipMeTests.swift */; };
		14F7488024CCA0C700D15838 /* tipMeUITests.swift in Sources */ = {isa = PBXBuildFile; fileRef = 14F7487F24CCA0C700D15838 /* tipMeUITests.swift */; };
/* End PBXBuildFile section */

/* Begin PBXContainerItemProxy section */
		14F7487124CCA0C700D15838 /* PBXContainerItemProxy */ = {
			isa = PBXContainerItemProxy;
			containerPortal = 14F7485224CCA0C200D15838 /* Project object */;
			proxyType = 1;
			remoteGlobalIDString = 14F7485924CCA0C200D15838;
			remoteInfo = tipMe;
		};
		14F7487C24CCA0C700D15838 /* PBXContainerItemProxy */ = {
			isa = PBXContainerItemProxy;
			containerPortal = 14F7485224CCA0C200D15838 /* Project object */;
			proxyType = 1;
			remoteGlobalIDString = 14F7485924CCA0C200D15838;
			remoteInfo = tipMe;
		};
/* End PBXContainerItemProxy section */

/* Begin PBXFileReference section */
		14F7485A24CCA0C200D15838 /* tipMe.app */ = {isa = PBXFileReference; explicitFileType = wrapper.application; includeInIndex = 0; path = tipMe.app; sourceTree = BUILT_PRODUCTS_DIR; };
		14F7485D24CCA0C200D15838 /* AppDelegate.swift */ = {isa = PBXFileReference; lastKnownFileType = sourcecode.swift; path = AppDelegate.swift; sourceTree = "<group>"; };
		14F7485F24CCA0C200D15838 /* SceneDelegate.swift */ = {isa = PBXFileReference; lastKnownFileType = sourcecode.swift; path = SceneDelegate.swift; sourceTree = "<group>"; };
		14F7486124CCA0C200D15838 /* ViewController.swift */ = {isa = PBXFileReference; lastKnownFileType = sourcecode.swift; path = ViewController.swift; sourceTree = "<group>"; };
		14F7486424CCA0C200D15838 /* Base */ = {isa = PBXFileReference; lastKnownFileType = file.storyboard; name = Base; path = Base.lproj/Main.storyboard; sourceTree = "<group>"; };
		14F7486624CCA0C700D15838 /* Assets.xcassets */ = {isa = PBXFileReference; lastKnownFileType = folder.assetcatalog; path = Assets.xcassets; sourceTree = "<group>"; };
		14F7486924CCA0C700D15838 /* Base */ = {isa = PBXFileReference; lastKnownFileType = file.storyboard; name = Base; path = Base.lproj/LaunchScreen.storyboard; sourceTree = "<group>"; };
		14F7486B24CCA0C700D15838 /* Info.plist */ = {isa = PBXFileReference; lastKnownFileType = text.plist.xml; path = Info.plist; sourceTree = "<group>"; };
		14F7487024CCA0C700D15838 /* tipMeTests.xctest */ = {isa = PBXFileReference; explicitFileType = wrapper.cfbundle; includeInIndex = 0; path = tipMeTests.xctest; sourceTree = BUILT_PRODUCTS_DIR; };
		14F7487424CCA0C700D15838 /* tipMeTests.swift */ = {isa = PBXFileReference; lastKnownFileType = sourcecode.swift; path = tipMeTests.swift; sourceTree = "<group>"; };
		14F7487624CCA0C700D15838 /* Info.plist */ = {isa = PBXFileReference; lastKnownFileType = text.plist.xml; path = Info.plist; sourceTree = "<group>"; };
		14F7487B24CCA0C700D15838 /* tipMeUITests.xctest */ = {isa = PBXFileReference; explicitFileType = wrapper.cfbundle; includeInIndex = 0; path = tipMeUITests.xctest; sourceTree = BUILT_PRODUCTS_DIR; };
		14F7487F24CCA0C700D15838 /* tipMeUITests.swift */ = {isa = PBXFileReference; lastKnownFileType = sourcecode.swift; path = tipMeUITests.swift; sourceTree = "<group>"; };
		14F7488124CCA0C700D15838 /* Info.plist */ = {isa = PBXFileReference; lastKnownFileType = text.plist.xml; path = Info.plist; sourceTree = "<group>"; };
/* End PBXFileReference section */

/* Begin PBXFrameworksBuildPhase section */
		14F7485724CCA0C200D15838 /* Frameworks */ = {
			isa = PBXFrameworksBuildPhase;
			buildActionMask = 2147483647;
			files = (
			);
			runOnlyForDeploymentPostprocessing = 0;
		};
		14F7486D24CCA0C700D15838 /* Frameworks */ = {
			isa = PBXFrameworksBuildPhase;
			buildActionMask = 2147483647;
			files = (
			);
			runOnlyForDeploymentPostprocessing = 0;
		};
		14F7487824CCA0C700D15838 /* Frameworks */ = {
			isa = PBXFrameworksBuildPhase;
			buildActionMask = 2147483647;
			files = (
			);
			runOnlyForDeploymentPostprocessing = 0;
		};
/* End PBXFrameworksBuildPhase section */

/* Begin PBXGroup section */
		14F7485124CCA0C200D15838 = {
			isa = PBXGroup;
			children = (
				14F7485C24CCA0C200D15838 /* tipMe */,
				14F7487324CCA0C700D15838 /* tipMeTests */,
				14F7487E24CCA0C700D15838 /* tipMeUITests */,
				14F7485B24CCA0C200D15838 /* Products */,
			);
			sourceTree = "<group>";
		};
		14F7485B24CCA0C200D15838 /* Products */ = {
			isa = PBXGroup;
			children = (
				14F7485A24CCA0C200D15838 /* tipMe.app */,
				14F7487024CCA0C700D15838 /* tipMeTests.xctest */,
				14F7487B24CCA0C700D15838 /* tipMeUITests.xctest */,
			);
			name = Products;
			sourceTree = "<group>";
		};
		14F7485C24CCA0C200D15838 /* tipMe */ = {
			isa = PBXGroup;
			children = (
				14F7485D24CCA0C200D15838 /* AppDelegate.swift */,
				14F7485F24CCA0C200D15838 /* SceneDelegate.swift */,
				14F7486124CCA0C200D15838 /* ViewController.swift */,
				14F7486324CCA0C200D15838 /* Main.storyboard */,
				14F7486624CCA0C700D15838 /* Assets.xcassets */,
				14F7486824CCA0C700D15838 /* LaunchScreen.storyboard */,
				14F7486B24CCA0C700D15838 /* Info.plist */,
			);
			path = tipMe;
			sourceTree = "<group>";
		};
		14F7487324CCA0C700D15838 /* tipMeTests */ = {
			isa = PBXGroup;
			children = (
				14F7487424CCA0C700D15838 /* tipMeTests.swift */,
				14F7487624CCA0C700D15838 /* Info.plist */,
			);
			path = tipMeTests;
			sourceTree = "<group>";
		};
		14F7487E24CCA0C700D15838 /* tipMeUITests */ = {
			isa = PBXGroup;
			children = (
				14F7487F24CCA0C700D15838 /* tipMeUITests.swift */,
				14F7488124CCA0C700D15838 /* Info.plist */,
			);
			path = tipMeUITests;
			sourceTree = "<group>";
		};
/* End PBXGroup section */

/* Begin PBXNativeTarget section */
		14F7485924CCA0C200D15838 /* tipMe */ = {
			isa = PBXNativeTarget;
			buildConfigurationList = 14F7488424CCA0C700D15838 /* Build configuration list for PBXNativeTarget "tipMe" */;
			buildPhases = (
				14F7485624CCA0C200D15838 /* Sources */,
				14F7485724CCA0C200D15838 /* Frameworks */,
				14F7485824CCA0C200D15838 /* Resources */,
			);
			buildRules = (
			);
			dependencies = (
			);
			name = tipMe;
			productName = tipMe;
			productReference = 14F7485A24CCA0C200D15838 /* tipMe.app */;
			productType = "com.apple.product-type.application";
		};
		14F7486F24CCA0C700D15838 /* tipMeTests */ = {
			isa = PBXNativeTarget;
			buildConfigurationList = 14F7488724CCA0C700D15838 /* Build configuration list for PBXNativeTarget "tipMeTests" */;
			buildPhases = (
				14F7486C24CCA0C700D15838 /* Sources */,
				14F7486D24CCA0C700D15838 /* Frameworks */,
				14F7486E24CCA0C700D15838 /* Resources */,
			);
			buildRules = (
			);
			dependencies = (
				14F7487224CCA0C700D15838 /* PBXTargetDependency */,
			);
			name = tipMeTests;
			productName = tipMeTests;
			productReference = 14F7487024CCA0C700D15838 /* tipMeTests.xctest */;
			productType = "com.apple.product-type.bundle.unit-test";
		};
		14F7487A24CCA0C700D15838 /* tipMeUITests */ = {
			isa = PBXNativeTarget;
			buildConfigurationList = 14F7488A24CCA0C700D15838 /* Build configuration list for PBXNativeTarget "tipMeUITests" */;
			buildPhases = (
				14F7487724CCA0C700D15838 /* Sources */,
				14F7487824CCA0C700D15838 /* Frameworks */,
				14F7487924CCA0C700D15838 /* Resources */,
			);
			buildRules = (
			);
			dependencies = (
				14F7487D24CCA0C700D15838 /* PBXTargetDependency */,
			);
			name = tipMeUITests;
			productName = tipMeUITests;
			productReference = 14F7487B24CCA0C700D15838 /* tipMeUITests.xctest */;
			productType = "com.apple.product-type.bundle.ui-testing";
		};
/* End PBXNativeTarget section */

/* Begin PBXProject section */
		14F7485224CCA0C200D15838 /* Project object */ = {
			isa = PBXProject;
			attributes = {
				LastSwiftUpdateCheck = 1160;
				LastUpgradeCheck = 1160;
				ORGANIZATIONNAME = Codepath;
				TargetAttributes = {
					14F7485924CCA0C200D15838 = {
						CreatedOnToolsVersion = 11.6;
					};
					14F7486F24CCA0C700D15838 = {
						CreatedOnToolsVersion = 11.6;
						TestTargetID = 14F7485924CCA0C200D15838;
					};
					14F7487A24CCA0C700D15838 = {
						CreatedOnToolsVersion = 11.6;
						TestTargetID = 14F7485924CCA0C200D15838;
					};
				};
			};
			buildConfigurationList = 14F7485524CCA0C200D15838 /* Build configuration list for PBXProject "tipMe" */;
			compatibilityVersion = "Xcode 9.3";
			developmentRegion = en;
			hasScannedForEncodings = 0;
			knownRegions = (
				en,
				Base,
			);
			mainGroup = 14F7485124CCA0C200D15838;
			productRefGroup = 14F7485B24CCA0C200D15838 /* Products */;
			projectDirPath = "";
			projectRoot = "";
			targets = (
				14F7485924CCA0C200D15838 /* tipMe */,
				14F7486F24CCA0C700D15838 /* tipMeTests */,
				14F7487A24CCA0C700D15838 /* tipMeUITests */,
			);
		};
/* End PBXProject section */

/* Begin PBXResourcesBuildPhase section */
		14F7485824CCA0C200D15838 /* Resources */ = {
			isa = PBXResourcesBuildPhase;
			buildActionMask = 2147483647;
			files = (
				14F7486A24CCA0C700D15838 /* LaunchScreen.storyboard in Resources */,
				14F7486724CCA0C700D15838 /* Assets.xcassets in Resources */,
				14F7486524CCA0C200D15838 /* Main.storyboard in Resources */,
			);
			runOnlyForDeploymentPostprocessing = 0;
		};
		14F7486E24CCA0C700D15838 /* Resources */ = {
			isa = PBXResourcesBuildPhase;
			buildActionMask = 2147483647;
			files = (
			);
			runOnlyForDeploymentPostprocessing = 0;
		};
		14F7487924CCA0C700D15838 /* Resources */ = {
			isa = PBXResourcesBuildPhase;
			buildActionMask = 2147483647;
			files = (
			);
			runOnlyForDeploymentPostprocessing = 0;
		};
/* End PBXResourcesBuildPhase section */

/* Begin PBXSourcesBuildPhase section */
		14F7485624CCA0C200D15838 /* Sources */ = {
			isa = PBXSourcesBuildPhase;
			buildActionMask = 2147483647;
			files = (
				14F7486224CCA0C200D15838 /* ViewController.swift in Sources */,
				14F7485E24CCA0C200D15838 /* AppDelegate.swift in Sources */,
				14F7486024CCA0C200D15838 /* SceneDelegate.swift in Sources */,
			);
			runOnlyForDeploymentPostprocessing = 0;
		};
		14F7486C24CCA0C700D15838 /* Sources */ = {
			isa = PBXSourcesBuildPhase;
			buildActionMask = 2147483647;
			files = (
				14F7487524CCA0C700D15838 /* tipMeTests.swift in Sources */,
			);
			runOnlyForDeploymentPostprocessing = 0;
		};
		14F7487724CCA0C700D15838 /* Sources */ = {
			isa = PBXSourcesBuildPhase;
			buildActionMask = 2147483647;
			files = (
				14F7488024CCA0C700D15838 /* tipMeUITests.swift in Sources */,
			);
			runOnlyForDeploymentPostprocessing = 0;
		};
/* End PBXSourcesBuildPhase section */

/* Begin PBXTargetDependency section */
		14F7487224CCA0C700D15838 /* PBXTargetDependency */ = {
			isa = PBXTargetDependency;
			target = 14F7485924CCA0C200D15838 /* tipMe */;
			targetProxy = 14F7487124CCA0C700D15838 /* PBXContainerItemProxy */;
		};
		14F7487D24CCA0C700D15838 /* PBXTargetDependency */ = {
			isa = PBXTargetDependency;
			target = 14F7485924CCA0C200D15838 /* tipMe */;
			targetProxy = 14F7487C24CCA0C700D15838 /* PBXContainerItemProxy */;
		};
/* End PBXTargetDependency section */

/* Begin PBXVariantGroup section */
		14F7486324CCA0C200D15838 /* Main.storyboard */ = {
			isa = PBXVariantGroup;
			children = (
				14F7486424CCA0C200D15838 /* Base */,
			);
			name = Main.storyboard;
			sourceTree = "<group>";
		};
		14F7486824CCA0C700D15838 /* LaunchScreen.storyboard */ = {
			isa = PBXVariantGroup;
			children = (
				14F7486924CCA0C700D15838 /* Base */,
			);
			name = LaunchScreen.storyboard;
			sourceTree = "<group>";
		};
/* End PBXVariantGroup section */

/* Begin XCBuildConfiguration section */
		14F7488224CCA0C700D15838 /* Debug */ = {
			isa = XCBuildConfiguration;
			buildSettings = {
				ALWAYS_SEARCH_USER_PATHS = NO;
				CLANG_ANALYZER_NONNULL = YES;
				CLANG_ANALYZER_NUMBER_OBJECT_CONVERSION = YES_AGGRESSIVE;
				CLANG_CXX_LANGUAGE_STANDARD = "gnu++14";
				CLANG_CXX_LIBRARY = "libc++";
				CLANG_ENABLE_MODULES = YES;
				CLANG_ENABLE_OBJC_ARC = YES;
				CLANG_ENABLE_OBJC_WEAK = YES;
				CLANG_WARN_BLOCK_CAPTURE_AUTORELEASING = YES;
				CLANG_WARN_BOOL_CONVERSION = YES;
				CLANG_WARN_COMMA = YES;
				CLANG_WARN_CONSTANT_CONVERSION = YES;
				CLANG_WARN_DEPRECATED_OBJC_IMPLEMENTATIONS = YES;
				CLANG_WARN_DIRECT_OBJC_ISA_USAGE = YES_ERROR;
				CLANG_WARN_DOCUMENTATION_COMMENTS = YES;
				CLANG_WARN_EMPTY_BODY = YES;
				CLANG_WARN_ENUM_CONVERSION = YES;
				CLANG_WARN_INFINITE_RECURSION = YES;
				CLANG_WARN_INT_CONVERSION = YES;
				CLANG_WARN_NON_LITERAL_NULL_CONVERSION = YES;
				CLANG_WARN_OBJC_IMPLICIT_RETAIN_SELF = YES;
				CLANG_WARN_OBJC_LITERAL_CONVERSION = YES;
				CLANG_WARN_OBJC_ROOT_CLASS = YES_ERROR;
				CLANG_WARN_RANGE_LOOP_ANALYSIS = YES;
				CLANG_WARN_STRICT_PROTOTYPES = YES;
				CLANG_WARN_SUSPICIOUS_MOVE = YES;
				CLANG_WARN_UNGUARDED_AVAILABILITY = YES_AGGRESSIVE;
				CLANG_WARN_UNREACHABLE_CODE = YES;
				CLANG_WARN__DUPLICATE_METHOD_MATCH = YES;
				COPY_PHASE_STRIP = NO;
				DEBUG_INFORMATION_FORMAT = dwarf;
				ENABLE_STRICT_OBJC_MSGSEND = YES;
				ENABLE_TESTABILITY = YES;
				GCC_C_LANGUAGE_STANDARD = gnu11;
				GCC_DYNAMIC_NO_PIC = NO;
				GCC_NO_COMMON_BLOCKS = YES;
				GCC_OPTIMIZATION_LEVEL = 0;
				GCC_PREPROCESSOR_DEFINITIONS = (
					"DEBUG=1",
					"$(inherited)",
				);
				GCC_WARN_64_TO_32_BIT_CONVERSION = YES;
				GCC_WARN_ABOUT_RETURN_TYPE = YES_ERROR;
				GCC_WARN_UNDECLARED_SELECTOR = YES;
				GCC_WARN_UNINITIALIZED_AUTOS = YES_AGGRESSIVE;
				GCC_WARN_UNUSED_FUNCTION = YES;
				GCC_WARN_UNUSED_VARIABLE = YES;
				IPHONEOS_DEPLOYMENT_TARGET = 13.6;
				MTL_ENABLE_DEBUG_INFO = INCLUDE_SOURCE;
				MTL_FAST_MATH = YES;
				ONLY_ACTIVE_ARCH = YES;
				SDKROOT = iphoneos;
				SWIFT_ACTIVE_COMPILATION_CONDITIONS = DEBUG;
				SWIFT_OPTIMIZATION_LEVEL = "-Onone";
			};
			name = Debug;
		};
		14F7488324CCA0C700D15838 /* Release */ = {
			isa = XCBuildConfiguration;
			buildSettings = {
				ALWAYS_SEARCH_USER_PATHS = NO;
				CLANG_ANALYZER_NONNULL = YES;
				CLANG_ANALYZER_NUMBER_OBJECT_CONVERSION = YES_AGGRESSIVE;
				CLANG_CXX_LANGUAGE_STANDARD = "gnu++14";
				CLANG_CXX_LIBRARY = "libc++";
				CLANG_ENABLE_MODULES = YES;
				CLANG_ENABLE_OBJC_ARC = YES;
				CLANG_ENABLE_OBJC_WEAK = YES;
				CLANG_WARN_BLOCK_CAPTURE_AUTORELEASING = YES;
				CLANG_WARN_BOOL_CONVERSION = YES;
				CLANG_WARN_COMMA = YES;
				CLANG_WARN_CONSTANT_CONVERSION = YES;
				CLANG_WARN_DEPRECATED_OBJC_IMPLEMENTATIONS = YES;
				CLANG_WARN_DIRECT_OBJC_ISA_USAGE = YES_ERROR;
				CLANG_WARN_DOCUMENTATION_COMMENTS = YES;
				CLANG_WARN_EMPTY_BODY = YES;
				CLANG_WARN_ENUM_CONVERSION = YES;
				CLANG_WARN_INFINITE_RECURSION = YES;
				CLANG_WARN_INT_CONVERSION = YES;
				CLANG_WARN_NON_LITERAL_NULL_CONVERSION = YES;
				CLANG_WARN_OBJC_IMPLICIT_RETAIN_SELF = YES;
				CLANG_WARN_OBJC_LITERAL_CONVERSION = YES;
				CLANG_WARN_OBJC_ROOT_CLASS = YES_ERROR;
				CLANG_WARN_RANGE_LOOP_ANALYSIS = YES;
				CLANG_WARN_STRICT_PROTOTYPES = YES;
				CLANG_WARN_SUSPICIOUS_MOVE = YES;
				CLANG_WARN_UNGUARDED_AVAILABILITY = YES_AGGRESSIVE;
				CLANG_WARN_UNREACHABLE_CODE = YES;
				CLANG_WARN__DUPLICATE_METHOD_MATCH = YES;
				COPY_PHASE_STRIP = NO;
				DEBUG_INFORMATION_FORMAT = "dwarf-with-dsym";
				ENABLE_NS_ASSERTIONS = NO;
				ENABLE_STRICT_OBJC_MSGSEND = YES;
				GCC_C_LANGUAGE_STANDARD = gnu11;
				GCC_NO_COMMON_BLOCKS = YES;
				GCC_WARN_64_TO_32_BIT_CONVERSION = YES;
				GCC_WARN_ABOUT_RETURN_TYPE = YES_ERROR;
				GCC_WARN_UNDECLARED_SELECTOR = YES;
				GCC_WARN_UNINITIALIZED_AUTOS = YES_AGGRESSIVE;
				GCC_WARN_UNUSED_FUNCTION = YES;
				GCC_WARN_UNUSED_VARIABLE = YES;
				IPHONEOS_DEPLOYMENT_TARGET = 13.6;
				MTL_ENABLE_DEBUG_INFO = NO;
				MTL_FAST_MATH = YES;
				SDKROOT = iphoneos;
				SWIFT_COMPILATION_MODE = wholemodule;
				SWIFT_OPTIMIZATION_LEVEL = "-O";
				VALIDATE_PRODUCT = YES;
			};
			name = Release;
		};
		14F7488524CCA0C700D15838 /* Debug */ = {
			isa = XCBuildConfiguration;
			buildSettings = {
				ASSETCATALOG_COMPILER_APPICON_NAME = AppIcon;
				CODE_SIGN_STYLE = Automatic;
				INFOPLIST_FILE = tipMe/Info.plist;
				LD_RUNPATH_SEARCH_PATHS = (
					"$(inherited)",
					"@executable_path/Frameworks",
				);
				PRODUCT_BUNDLE_IDENTIFIER = Codepath.tipMe;
				PRODUCT_NAME = "$(TARGET_NAME)";
				SWIFT_VERSION = 5.0;
				TARGETED_DEVICE_FAMILY = "1,2";
			};
			name = Debug;
		};
		14F7488624CCA0C700D15838 /* Release */ = {
			isa = XCBuildConfiguration;
			buildSettings = {
				ASSETCATALOG_COMPILER_APPICON_NAME = AppIcon;
				CODE_SIGN_STYLE = Automatic;
				INFOPLIST_FILE = tipMe/Info.plist;
				LD_RUNPATH_SEARCH_PATHS = (
					"$(inherited)",
					"@executable_path/Frameworks",
				);
				PRODUCT_BUNDLE_IDENTIFIER = Codepath.tipMe;
				PRODUCT_NAME = "$(TARGET_NAME)";
				SWIFT_VERSION = 5.0;
				TARGETED_DEVICE_FAMILY = "1,2";
			};
			name = Release;
		};
		14F7488824CCA0C700D15838 /* Debug */ = {
			isa = XCBuildConfiguration;
			buildSettings = {
				ALWAYS_EMBED_SWIFT_STANDARD_LIBRARIES = YES;
				BUNDLE_LOADER = "$(TEST_HOST)";
				CODE_SIGN_STYLE = Automatic;
				INFOPLIST_FILE = tipMeTests/Info.plist;
				IPHONEOS_DEPLOYMENT_TARGET = 13.6;
				LD_RUNPATH_SEARCH_PATHS = (
					"$(inherited)",
					"@executable_path/Frameworks",
					"@loader_path/Frameworks",
				);
				PRODUCT_BUNDLE_IDENTIFIER = Codepath.tipMeTests;
				PRODUCT_NAME = "$(TARGET_NAME)";
				SWIFT_VERSION = 5.0;
				TARGETED_DEVICE_FAMILY = "1,2";
				TEST_HOST = "$(BUILT_PRODUCTS_DIR)/tipMe.app/tipMe";
			};
			name = Debug;
		};
		14F7488924CCA0C700D15838 /* Release */ = {
			isa = XCBuildConfiguration;
			buildSettings = {
				ALWAYS_EMBED_SWIFT_STANDARD_LIBRARIES = YES;
				BUNDLE_LOADER = "$(TEST_HOST)";
				CODE_SIGN_STYLE = Automatic;
				INFOPLIST_FILE = tipMeTests/Info.plist;
				IPHONEOS_DEPLOYMENT_TARGET = 13.6;
				LD_RUNPATH_SEARCH_PATHS = (
					"$(inherited)",
					"@executable_path/Frameworks",
					"@loader_path/Frameworks",
				);
				PRODUCT_BUNDLE_IDENTIFIER = Codepath.tipMeTests;
				PRODUCT_NAME = "$(TARGET_NAME)";
				SWIFT_VERSION = 5.0;
				TARGETED_DEVICE_FAMILY = "1,2";
				TEST_HOST = "$(BUILT_PRODUCTS_DIR)/tipMe.app/tipMe";
			};
			name = Release;
		};
		14F7488B24CCA0C700D15838 /* Debug */ = {
			isa = XCBuildConfiguration;
			buildSettings = {
				ALWAYS_EMBED_SWIFT_STANDARD_LIBRARIES = YES;
				CODE_SIGN_STYLE = Automatic;
				INFOPLIST_FILE = tipMeUITests/Info.plist;
				LD_RUNPATH_SEARCH_PATHS = (
					"$(inherited)",
					"@executable_path/Frameworks",
					"@loader_path/Frameworks",
				);
				PRODUCT_BUNDLE_IDENTIFIER = Codepath.tipMeUITests;
				PRODUCT_NAME = "$(TARGET_NAME)";
				SWIFT_VERSION = 5.0;
				TARGETED_DEVICE_FAMILY = "1,2";
				TEST_TARGET_NAME = tipMe;
			};
			name = Debug;
		};
		14F7488C24CCA0C700D15838 /* Release */ = {
			isa = XCBuildConfiguration;
			buildSettings = {
				ALWAYS_EMBED_SWIFT_STANDARD_LIBRARIES = YES;
				CODE_SIGN_STYLE = Automatic;
				INFOPLIST_FILE = tipMeUITests/Info.plist;
				LD_RUNPATH_SEARCH_PATHS = (
					"$(inherited)",
					"@executable_path/Frameworks",
					"@loader_path/Frameworks",
				);
				PRODUCT_BUNDLE_IDENTIFIER = Codepath.tipMeUITests;
				PRODUCT_NAME = "$(TARGET_NAME)";
				SWIFT_VERSION = 5.0;
				TARGETED_DEVICE_FAMILY = "1,2";
				TEST_TARGET_NAME = tipMe;
			};
			name = Release;
		};
/* End XCBuildConfiguration section */

/* Begin XCConfigurationList section */
		14F7485524CCA0C200D15838 /* Build configuration list for PBXProject "tipMe" */ = {
			isa = XCConfigurationList;
			buildConfigurations = (
				14F7488224CCA0C700D15838 /* Debug */,
				14F7488324CCA0C700D15838 /* Release */,
			);
			defaultConfigurationIsVisible = 0;
			defaultConfigurationName = Release;
		};
		14F7488424CCA0C700D15838 /* Build configuration list for PBXNativeTarget "tipMe" */ = {
			isa = XCConfigurationList;
			buildConfigurations = (
				14F7488524CCA0C700D15838 /* Debug */,
				14F7488624CCA0C700D15838 /* Release */,
			);
			defaultConfigurationIsVisible = 0;
			defaultConfigurationName = Release;
		};
		14F7488724CCA0C700D15838 /* Build configuration list for PBXNativeTarget "tipMeTests" */ = {
			isa = XCConfigurationList;
			buildConfigurations = (
				14F7488824CCA0C700D15838 /* Debug */,
				14F7488924CCA0C700D15838 /* Release */,
			);
			defaultConfigurationIsVisible = 0;
			defaultConfigurationName = Release;
		};
		14F7488A24CCA0C700D15838 /* Build configuration list for PBXNativeTarget "tipMeUITests" */ = {
			isa = XCConfigurationList;
			buildConfigurations = (
				14F7488B24CCA0C700D15838 /* Debug */,
				14F7488C24CCA0C700D15838 /* Release */,
			);
			defaultConfigurationIsVisible = 0;
			defaultConfigurationName = Release;
		};
/* End XCConfigurationList section */
	};
	rootObject = 14F7485224CCA0C200D15838 /* Project object */;
}
